
Microsoft Visual Studio Solution File, Format Version 12.00
# Visual Studio 15
VisualStudioVersion = 15.0.27130.2027
MinimumVisualStudioVersion = 10.0.40219.1
Project("{8BC9CEB8-8B4A-11D0-8D11-00A0C91BC942}") = "Champagne", "Champagne.vcxproj", "{A993053B-6AB7-41CE-9193-8952793ADD00}"
EndProject
Global
	GlobalSection(SolutionConfigurationPlatforms) = preSolution
		Debug|x64 = Debug|x64
		Debug|x86 = Debug|x86
		Release|x64 = Release|x64
		Release|x86 = Release|x86
	EndGlobalSection
	GlobalSection(ProjectConfigurationPlatforms) = postSolution
		{A993053B-6AB7-41CE-9193-8952793ADD00}.Debug|x64.ActiveCfg = Debug|x64
		{A993053B-6AB7-41CE-9193-8952793ADD00}.Debug|x64.Build.0 = Debug|x64
		{A993053B-6AB7-41CE-9193-8952793ADD00}.Debug|x86.ActiveCfg = Debug|Win32
		{A993053B-6AB7-41CE-9193-8952793ADD00}.Debug|x86.Build.0 = Debug|Win32
		{A993053B-6AB7-41CE-9193-8952793ADD00}.Release|x64.ActiveCfg = Release|x64
		{A993053B-6AB7-41CE-9193-8952793ADD00}.Release|x64.Build.0 = Release|x64
		{A993053B-6AB7-41CE-9193-8952793ADD00}.Release|x86.ActiveCfg = Release|Win32
		{A993053B-6AB7-41CE-9193-8952793ADD00}.Release|x86.Build.0 = Release|Win32
	EndGlobalSection
	GlobalSection(SolutionProperties) = preSolution
		HideSolutionNode = FALSE
	EndGlobalSection
	GlobalSection(ExtensibilityGlobals) = postSolution
		SolutionGuid = {E2454ECD-BDC3-4C0A-89D5-597868EB2090}
	EndGlobalSection
EndGlobal
